// !$*UTF8*$!
{
	archiveVersion = 1;
	classes = {
	};
	objectVersion = 56;
	objects = {

/* Begin PBXBuildFile section */
		834D66C82ADE2BAF00F71E9F /* LandmarkList.swift in Sources */ = {isa = PBXBuildFile; fileRef = 834D66C72ADE2BAF00F71E9F /* LandmarkList.swift */; };
		834D66CA2ADE31F300F71E9F /* LandmarkCommand.swift in Sources */ = {isa = PBXBuildFile; fileRef = 834D66C92ADE31F300F71E9F /* LandmarkCommand.swift */; };
		834D66CB2ADE31F300F71E9F /* LandmarkCommand.swift in Sources */ = {isa = PBXBuildFile; fileRef = 834D66C92ADE31F300F71E9F /* LandmarkCommand.swift */; };
		834D66CD2ADE52F500F71E9F /* LandmarkSetting.swift in Sources */ = {isa = PBXBuildFile; fileRef = 834D66CC2ADE52F500F71E9F /* LandmarkSetting.swift */; };
		834D66CE2ADE52F500F71E9F /* LandmarkSetting.swift in Sources */ = {isa = PBXBuildFile; fileRef = 834D66CC2ADE52F500F71E9F /* LandmarkSetting.swift */; };
		83837F992ADD150800C24DCF /* LandmarksApp.swift in Sources */ = {isa = PBXBuildFile; fileRef = 83837F982ADD150800C24DCF /* LandmarksApp.swift */; };
		83837F9B2ADD150800C24DCF /* ContentView.swift in Sources */ = {isa = PBXBuildFile; fileRef = 83837F9A2ADD150800C24DCF /* ContentView.swift */; };
		83837F9D2ADD150900C24DCF /* Assets.xcassets in Resources */ = {isa = PBXBuildFile; fileRef = 83837F9C2ADD150900C24DCF /* Assets.xcassets */; };
		83837FA02ADD150900C24DCF /* Preview Assets.xcassets in Resources */ = {isa = PBXBuildFile; fileRef = 83837F9F2ADD150900C24DCF /* Preview Assets.xcassets */; };
		83837FC82ADD157B00C24DCF /* GraphCapsule.swift in Sources */ = {isa = PBXBuildFile; fileRef = 83837FA82ADD157B00C24DCF /* GraphCapsule.swift */; };
		83837FC92ADD157B00C24DCF /* HikeGraph.swift in Sources */ = {isa = PBXBuildFile; fileRef = 83837FA92ADD157B00C24DCF /* HikeGraph.swift */; };
		83837FCA2ADD157B00C24DCF /* HikeBadge.swift in Sources */ = {isa = PBXBuildFile; fileRef = 83837FAA2ADD157B00C24DCF /* HikeBadge.swift */; };
		83837FCB2ADD157B00C24DCF /* HikeDetail.swift in Sources */ = {isa = PBXBuildFile; fileRef = 83837FAB2ADD157B00C24DCF /* HikeDetail.swift */; };
		83837FCC2ADD157B00C24DCF /* HikeView.swift in Sources */ = {isa = PBXBuildFile; fileRef = 83837FAC2ADD157B00C24DCF /* HikeView.swift */; };
		83837FCD2ADD157B00C24DCF /* LandmarkList.swift in Sources */ = {isa = PBXBuildFile; fileRef = 83837FAE2ADD157B00C24DCF /* LandmarkList.swift */; };
		83837FCE2ADD157B00C24DCF /* LandmarkDetail.swift in Sources */ = {isa = PBXBuildFile; fileRef = 83837FAF2ADD157B00C24DCF /* LandmarkDetail.swift */; };
		83837FCF2ADD157B00C24DCF /* LandmarkRow.swift in Sources */ = {isa = PBXBuildFile; fileRef = 83837FB02ADD157B00C24DCF /* LandmarkRow.swift */; };
		83837FD02ADD157B00C24DCF /* FeatureCard.swift in Sources */ = {isa = PBXBuildFile; fileRef = 83837FB22ADD157B00C24DCF /* FeatureCard.swift */; };
		83837FD12ADD157B00C24DCF /* PageControl.swift in Sources */ = {isa = PBXBuildFile; fileRef = 83837FB32ADD157B00C24DCF /* PageControl.swift */; };
		83837FD22ADD157B00C24DCF /* PageViewController.swift in Sources */ = {isa = PBXBuildFile; fileRef = 83837FB42ADD157B00C24DCF /* PageViewController.swift */; };
		83837FD32ADD157B00C24DCF /* PageView.swift in Sources */ = {isa = PBXBuildFile; fileRef = 83837FB52ADD157B00C24DCF /* PageView.swift */; };
		83837FD42ADD157B00C24DCF /* MapView.swift in Sources */ = {isa = PBXBuildFile; fileRef = 83837FB72ADD157B00C24DCF /* MapView.swift */; };
		83837FD52ADD157B00C24DCF /* CircleImage.swift in Sources */ = {isa = PBXBuildFile; fileRef = 83837FB82ADD157B00C24DCF /* CircleImage.swift */; };
		83837FD62ADD157B00C24DCF /* FavoriteButton.swift in Sources */ = {isa = PBXBuildFile; fileRef = 83837FB92ADD157B00C24DCF /* FavoriteButton.swift */; };
		83837FD72ADD157B00C24DCF /* RotatedBadgeSymbol.swift in Sources */ = {isa = PBXBuildFile; fileRef = 83837FBB2ADD157B00C24DCF /* RotatedBadgeSymbol.swift */; };
		83837FD82ADD157B00C24DCF /* HexagonParameters.swift in Sources */ = {isa = PBXBuildFile; fileRef = 83837FBC2ADD157B00C24DCF /* HexagonParameters.swift */; };
		83837FD92ADD157B00C24DCF /* BadgeSymbol.swift in Sources */ = {isa = PBXBuildFile; fileRef = 83837FBD2ADD157B00C24DCF /* BadgeSymbol.swift */; };
		83837FDA2ADD157B00C24DCF /* BadgeBackground.swift in Sources */ = {isa = PBXBuildFile; fileRef = 83837FBE2ADD157B00C24DCF /* BadgeBackground.swift */; };
		83837FDB2ADD157B00C24DCF /* Badge.swift in Sources */ = {isa = PBXBuildFile; fileRef = 83837FBF2ADD157B00C24DCF /* Badge.swift */; };
		83837FDC2ADD157B00C24DCF /* ProfileSummary.swift in Sources */ = {isa = PBXBuildFile; fileRef = 83837FC12ADD157B00C24DCF /* ProfileSummary.swift */; };
		83837FDD2ADD157B00C24DCF /* ProfileEditor.swift in Sources */ = {isa = PBXBuildFile; fileRef = 83837FC22ADD157B00C24DCF /* ProfileEditor.swift */; };
		83837FDE2ADD157B00C24DCF /* ProfileHost.swift in Sources */ = {isa = PBXBuildFile; fileRef = 83837FC32ADD157B00C24DCF /* ProfileHost.swift */; };
		83837FDF2ADD157B00C24DCF /* CategoryItem.swift in Sources */ = {isa = PBXBuildFile; fileRef = 83837FC52ADD157B00C24DCF /* CategoryItem.swift */; };
		83837FE02ADD157B00C24DCF /* CategoryHome.swift in Sources */ = {isa = PBXBuildFile; fileRef = 83837FC62ADD157B00C24DCF /* CategoryHome.swift */; };
		83837FE12ADD157B00C24DCF /* CategoryRow.swift in Sources */ = {isa = PBXBuildFile; fileRef = 83837FC72ADD157B00C24DCF /* CategoryRow.swift */; };
		83837FE72ADD158900C24DCF /* Profile.swift in Sources */ = {isa = PBXBuildFile; fileRef = 83837FE32ADD158900C24DCF /* Profile.swift */; };
		83837FE82ADD158900C24DCF /* Hike.swift in Sources */ = {isa = PBXBuildFile; fileRef = 83837FE42ADD158900C24DCF /* Hike.swift */; };
		83837FE92ADD158900C24DCF /* ModelData.swift in Sources */ = {isa = PBXBuildFile; fileRef = 83837FE52ADD158900C24DCF /* ModelData.swift */; };
		83837FEA2ADD158900C24DCF /* Landmark.swift in Sources */ = {isa = PBXBuildFile; fileRef = 83837FE62ADD158900C24DCF /* Landmark.swift */; };
		83837FEE2ADD159200C24DCF /* hikeData.json in Resources */ = {isa = PBXBuildFile; fileRef = 83837FEC2ADD159200C24DCF /* hikeData.json */; };
		83837FEF2ADD159200C24DCF /* landmarkData.json in Resources */ = {isa = PBXBuildFile; fileRef = 83837FED2ADD159200C24DCF /* landmarkData.json */; };
		83837FF92ADD17DD00C24DCF /* ContentView.swift in Sources */ = {isa = PBXBuildFile; fileRef = 83837FF82ADD17DD00C24DCF /* ContentView.swift */; };
		83837FFB2ADD17DE00C24DCF /* Assets.xcassets in Resources */ = {isa = PBXBuildFile; fileRef = 83837FFA2ADD17DE00C24DCF /* Assets.xcassets */; };
		83837FFE2ADD17DE00C24DCF /* Preview Assets.xcassets in Resources */ = {isa = PBXBuildFile; fileRef = 83837FFD2ADD17DE00C24DCF /* Preview Assets.xcassets */; };
		838380022ADD188800C24DCF /* MapView.swift in Sources */ = {isa = PBXBuildFile; fileRef = 83837FB72ADD157B00C24DCF /* MapView.swift */; };
		838380032ADD188800C24DCF /* CircleImage.swift in Sources */ = {isa = PBXBuildFile; fileRef = 83837FB82ADD157B00C24DCF /* CircleImage.swift */; };
		838380042ADD188800C24DCF /* Hike.swift in Sources */ = {isa = PBXBuildFile; fileRef = 83837FE42ADD158900C24DCF /* Hike.swift */; };
		838380052ADD188800C24DCF /* ModelData.swift in Sources */ = {isa = PBXBuildFile; fileRef = 83837FE52ADD158900C24DCF /* ModelData.swift */; };
		838380062ADD188800C24DCF /* landmarkData.json in Resources */ = {isa = PBXBuildFile; fileRef = 83837FED2ADD159200C24DCF /* landmarkData.json */; };
		838380072ADD188800C24DCF /* LandmarksApp.swift in Sources */ = {isa = PBXBuildFile; fileRef = 83837F982ADD150800C24DCF /* LandmarksApp.swift */; };
		838380082ADD188800C24DCF /* Profile.swift in Sources */ = {isa = PBXBuildFile; fileRef = 83837FE32ADD158900C24DCF /* Profile.swift */; };
		838380092ADD188800C24DCF /* Landmark.swift in Sources */ = {isa = PBXBuildFile; fileRef = 83837FE62ADD158900C24DCF /* Landmark.swift */; };
		8383800A2ADD188800C24DCF /* Assets.xcassets in Resources */ = {isa = PBXBuildFile; fileRef = 83837F9C2ADD150900C24DCF /* Assets.xcassets */; };
		8383800B2ADD188800C24DCF /* hikeData.json in Resources */ = {isa = PBXBuildFile; fileRef = 83837FEC2ADD159200C24DCF /* hikeData.json */; };
		8383800C2ADD188800C24DCF /* LandmarkRow.swift in Sources */ = {isa = PBXBuildFile; fileRef = 83837FB02ADD157B00C24DCF /* LandmarkRow.swift */; };
		8383800F2ADD18AE00C24DCF /* LandmarkDetail.swift in Sources */ = {isa = PBXBuildFile; fileRef = 8383800E2ADD18AE00C24DCF /* LandmarkDetail.swift */; };
		8383803F2ADD261400C24DCF /* NotificationService.swift in Sources */ = {isa = PBXBuildFile; fileRef = 8383803E2ADD261400C24DCF /* NotificationService.swift */; };
		838380432ADD261400C24DCF /* WatchNotificationNotification.appex in Embed Foundation Extensions */ = {isa = PBXBuildFile; fileRef = 8383803C2ADD261400C24DCF /* WatchNotificationNotification.appex */; settings = {ATTRIBUTES = (RemoveHeadersOnCopy, ); }; };
		838380472ADD27D000C24DCF /* ModelData.swift in Sources */ = {isa = PBXBuildFile; fileRef = 83837FE52ADD158900C24DCF /* ModelData.swift */; };
		838380482ADD27D000C24DCF /* Landmark.swift in Sources */ = {isa = PBXBuildFile; fileRef = 83837FE62ADD158900C24DCF /* Landmark.swift */; };
		838380492ADD27D000C24DCF /* landmarkData.json in Resources */ = {isa = PBXBuildFile; fileRef = 83837FED2ADD159200C24DCF /* landmarkData.json */; };
		8383804A2ADD283500C24DCF /* Profile.swift in Sources */ = {isa = PBXBuildFile; fileRef = 83837FE32ADD158900C24DCF /* Profile.swift */; };
		8383804B2ADD283500C24DCF /* Hike.swift in Sources */ = {isa = PBXBuildFile; fileRef = 83837FE42ADD158900C24DCF /* Hike.swift */; };
		8383804E2ADD287200C24DCF /* CircleImage.swift in Sources */ = {isa = PBXBuildFile; fileRef = 83837FB82ADD157B00C24DCF /* CircleImage.swift */; };
		838380502ADD28B900C24DCF /* NotificationView.swift in Sources */ = {isa = PBXBuildFile; fileRef = 838380332ADD230D00C24DCF /* NotificationView.swift */; };
		838380512ADD28B900C24DCF /* NotificationController.swift in Sources */ = {isa = PBXBuildFile; fileRef = 838380352ADD240500C24DCF /* NotificationController.swift */; };
		8383805B2ADD2B1600C24DCF /* ContentView.swift in Sources */ = {isa = PBXBuildFile; fileRef = 8383805A2ADD2B1600C24DCF /* ContentView.swift */; };
		8383805D2ADD2B1700C24DCF /* Assets.xcassets in Resources */ = {isa = PBXBuildFile; fileRef = 8383805C2ADD2B1700C24DCF /* Assets.xcassets */; };
		838380602ADD2B1700C24DCF /* Preview Assets.xcassets in Resources */ = {isa = PBXBuildFile; fileRef = 8383805F2ADD2B1700C24DCF /* Preview Assets.xcassets */; };
		838380652ADD2B6E00C24DCF /* Landmark.swift in Sources */ = {isa = PBXBuildFile; fileRef = 83837FE62ADD158900C24DCF /* Landmark.swift */; };
		838380662ADD2B6E00C24DCF /* landmarkData.json in Resources */ = {isa = PBXBuildFile; fileRef = 83837FED2ADD159200C24DCF /* landmarkData.json */; };
		838380672ADD2B6E00C24DCF /* LandmarkRow.swift in Sources */ = {isa = PBXBuildFile; fileRef = 83837FB02ADD157B00C24DCF /* LandmarkRow.swift */; };
		838380682ADD2B6E00C24DCF /* Profile.swift in Sources */ = {isa = PBXBuildFile; fileRef = 83837FE32ADD158900C24DCF /* Profile.swift */; };
		838380692ADD2B6E00C24DCF /* LandmarksApp.swift in Sources */ = {isa = PBXBuildFile; fileRef = 83837F982ADD150800C24DCF /* LandmarksApp.swift */; };
		8383806A2ADD2B6E00C24DCF /* FavoriteButton.swift in Sources */ = {isa = PBXBuildFile; fileRef = 83837FB92ADD157B00C24DCF /* FavoriteButton.swift */; };
		8383806B2ADD2B6E00C24DCF /* CircleImage.swift in Sources */ = {isa = PBXBuildFile; fileRef = 83837FB82ADD157B00C24DCF /* CircleImage.swift */; };
		8383806C2ADD2B6E00C24DCF /* Assets.xcassets in Resources */ = {isa = PBXBuildFile; fileRef = 83837F9C2ADD150900C24DCF /* Assets.xcassets */; };
		8383806D2ADD2B6E00C24DCF /* Hike.swift in Sources */ = {isa = PBXBuildFile; fileRef = 83837FE42ADD158900C24DCF /* Hike.swift */; };
		8383806E2ADD2B6E00C24DCF /* hikeData.json in Resources */ = {isa = PBXBuildFile; fileRef = 83837FEC2ADD159200C24DCF /* hikeData.json */; };
		8383806F2ADD2B6E00C24DCF /* LandmarkList.swift in Sources */ = {isa = PBXBuildFile; fileRef = 83837FAE2ADD157B00C24DCF /* LandmarkList.swift */; };
		838380702ADD2B6E00C24DCF /* ModelData.swift in Sources */ = {isa = PBXBuildFile; fileRef = 83837FE52ADD158900C24DCF /* ModelData.swift */; };
		838380712ADD2B6E00C24DCF /* MapView.swift in Sources */ = {isa = PBXBuildFile; fileRef = 83837FB72ADD157B00C24DCF /* MapView.swift */; };
		838380732ADD2BD100C24DCF /* LandmarkDetail.swift in Sources */ = {isa = PBXBuildFile; fileRef = 838380722ADD2BD100C24DCF /* LandmarkDetail.swift */; };
/* End PBXBuildFile section */

/* Begin PBXContainerItemProxy section */
		838380412ADD261400C24DCF /* PBXContainerItemProxy */ = {
			isa = PBXContainerItemProxy;
			containerPortal = 83837F8D2ADD150800C24DCF /* Project object */;
			proxyType = 1;
			remoteGlobalIDString = 8383803B2ADD261400C24DCF;
			remoteInfo = WatchNotificationNotification;
		};
/* End PBXContainerItemProxy section */

/* Begin PBXCopyFilesBuildPhase section */
		8383801F2ADD1D1B00C24DCF /* Embed Foundation Extensions */ = {
			isa = PBXCopyFilesBuildPhase;
			buildActionMask = 2147483647;
			dstPath = "";
			dstSubfolderSpec = 13;
			files = (
				838380432ADD261400C24DCF /* WatchNotificationNotification.appex in Embed Foundation Extensions */,
			);
			name = "Embed Foundation Extensions";
			runOnlyForDeploymentPostprocessing = 0;
		};
/* End PBXCopyFilesBuildPhase section */

/* Begin PBXFileReference section */
		834D66C72ADE2BAF00F71E9F /* LandmarkList.swift */ = {isa = PBXFileReference; lastKnownFileType = sourcecode.swift; path = LandmarkList.swift; sourceTree = "<group>"; };
		834D66C92ADE31F300F71E9F /* LandmarkCommand.swift */ = {isa = PBXFileReference; lastKnownFileType = sourcecode.swift; path = LandmarkCommand.swift; sourceTree = "<group>"; };
		834D66CC2ADE52F500F71E9F /* LandmarkSetting.swift */ = {isa = PBXFileReference; lastKnownFileType = sourcecode.swift; path = LandmarkSetting.swift; sourceTree = "<group>"; };
		83837F952ADD150800C24DCF /* Landmarks.app */ = {isa = PBXFileReference; explicitFileType = wrapper.application; includeInIndex = 0; path = Landmarks.app; sourceTree = BUILT_PRODUCTS_DIR; };
		83837F982ADD150800C24DCF /* LandmarksApp.swift */ = {isa = PBXFileReference; lastKnownFileType = sourcecode.swift; path = LandmarksApp.swift; sourceTree = "<group>"; };
		83837F9A2ADD150800C24DCF /* ContentView.swift */ = {isa = PBXFileReference; lastKnownFileType = sourcecode.swift; path = ContentView.swift; sourceTree = "<group>"; };
		83837F9C2ADD150900C24DCF /* Assets.xcassets */ = {isa = PBXFileReference; lastKnownFileType = folder.assetcatalog; path = Assets.xcassets; sourceTree = "<group>"; };
		83837F9F2ADD150900C24DCF /* Preview Assets.xcassets */ = {isa = PBXFileReference; lastKnownFileType = folder.assetcatalog; path = "Preview Assets.xcassets"; sourceTree = "<group>"; };
		83837FA82ADD157B00C24DCF /* GraphCapsule.swift */ = {isa = PBXFileReference; fileEncoding = 4; lastKnownFileType = sourcecode.swift; path = GraphCapsule.swift; sourceTree = "<group>"; };
		83837FA92ADD157B00C24DCF /* HikeGraph.swift */ = {isa = PBXFileReference; fileEncoding = 4; lastKnownFileType = sourcecode.swift; path = HikeGraph.swift; sourceTree = "<group>"; };
		83837FAA2ADD157B00C24DCF /* HikeBadge.swift */ = {isa = PBXFileReference; fileEncoding = 4; lastKnownFileType = sourcecode.swift; path = HikeBadge.swift; sourceTree = "<group>"; };
		83837FAB2ADD157B00C24DCF /* HikeDetail.swift */ = {isa = PBXFileReference; fileEncoding = 4; lastKnownFileType = sourcecode.swift; path = HikeDetail.swift; sourceTree = "<group>"; };
		83837FAC2ADD157B00C24DCF /* HikeView.swift */ = {isa = PBXFileReference; fileEncoding = 4; lastKnownFileType = sourcecode.swift; path = HikeView.swift; sourceTree = "<group>"; };
		83837FAE2ADD157B00C24DCF /* LandmarkList.swift */ = {isa = PBXFileReference; fileEncoding = 4; lastKnownFileType = sourcecode.swift; path = LandmarkList.swift; sourceTree = "<group>"; };
		83837FAF2ADD157B00C24DCF /* LandmarkDetail.swift */ = {isa = PBXFileReference; fileEncoding = 4; lastKnownFileType = sourcecode.swift; path = LandmarkDetail.swift; sourceTree = "<group>"; };
		83837FB02ADD157B00C24DCF /* LandmarkRow.swift */ = {isa = PBXFileReference; fileEncoding = 4; lastKnownFileType = sourcecode.swift; path = LandmarkRow.swift; sourceTree = "<group>"; };
		83837FB22ADD157B00C24DCF /* FeatureCard.swift */ = {isa = PBXFileReference; fileEncoding = 4; lastKnownFileType = sourcecode.swift; path = FeatureCard.swift; sourceTree = "<group>"; };
		83837FB32ADD157B00C24DCF /* PageControl.swift */ = {isa = PBXFileReference; fileEncoding = 4; lastKnownFileType = sourcecode.swift; path = PageControl.swift; sourceTree = "<group>"; };
		83837FB42ADD157B00C24DCF /* PageViewController.swift */ = {isa = PBXFileReference; fileEncoding = 4; lastKnownFileType = sourcecode.swift; path = PageViewController.swift; sourceTree = "<group>"; };
		83837FB52ADD157B00C24DCF /* PageView.swift */ = {isa = PBXFileReference; fileEncoding = 4; lastKnownFileType = sourcecode.swift; path = PageView.swift; sourceTree = "<group>"; };
		83837FB72ADD157B00C24DCF /* MapView.swift */ = {isa = PBXFileReference; fileEncoding = 4; lastKnownFileType = sourcecode.swift; path = MapView.swift; sourceTree = "<group>"; };
		83837FB82ADD157B00C24DCF /* CircleImage.swift */ = {isa = PBXFileReference; fileEncoding = 4; lastKnownFileType = sourcecode.swift; path = CircleImage.swift; sourceTree = "<group>"; };
		83837FB92ADD157B00C24DCF /* FavoriteButton.swift */ = {isa = PBXFileReference; fileEncoding = 4; lastKnownFileType = sourcecode.swift; path = FavoriteButton.swift; sourceTree = "<group>"; };
		83837FBB2ADD157B00C24DCF /* RotatedBadgeSymbol.swift */ = {isa = PBXFileReference; fileEncoding = 4; lastKnownFileType = sourcecode.swift; path = RotatedBadgeSymbol.swift; sourceTree = "<group>"; };
		83837FBC2ADD157B00C24DCF /* HexagonParameters.swift */ = {isa = PBXFileReference; fileEncoding = 4; lastKnownFileType = sourcecode.swift; path = HexagonParameters.swift; sourceTree = "<group>"; };
		83837FBD2ADD157B00C24DCF /* BadgeSymbol.swift */ = {isa = PBXFileReference; fileEncoding = 4; lastKnownFileType = sourcecode.swift; path = BadgeSymbol.swift; sourceTree = "<group>"; };
		83837FBE2ADD157B00C24DCF /* BadgeBackground.swift */ = {isa = PBXFileReference; fileEncoding = 4; lastKnownFileType = sourcecode.swift; path = BadgeBackground.swift; sourceTree = "<group>"; };
		83837FBF2ADD157B00C24DCF /* Badge.swift */ = {isa = PBXFileReference; fileEncoding = 4; lastKnownFileType = sourcecode.swift; path = Badge.swift; sourceTree = "<group>"; };
		83837FC12ADD157B00C24DCF /* ProfileSummary.swift */ = {isa = PBXFileReference; fileEncoding = 4; lastKnownFileType = sourcecode.swift; path = ProfileSummary.swift; sourceTree = "<group>"; };
		83837FC22ADD157B00C24DCF /* ProfileEditor.swift */ = {isa = PBXFileReference; fileEncoding = 4; lastKnownFileType = sourcecode.swift; path = ProfileEditor.swift; sourceTree = "<group>"; };
		83837FC32ADD157B00C24DCF /* ProfileHost.swift */ = {isa = PBXFileReference; fileEncoding = 4; lastKnownFileType = sourcecode.swift; path = ProfileHost.swift; sourceTree = "<group>"; };
		83837FC52ADD157B00C24DCF /* CategoryItem.swift */ = {isa = PBXFileReference; fileEncoding = 4; lastKnownFileType = sourcecode.swift; path = CategoryItem.swift; sourceTree = "<group>"; };
		83837FC62ADD157B00C24DCF /* CategoryHome.swift */ = {isa = PBXFileReference; fileEncoding = 4; lastKnownFileType = sourcecode.swift; path = CategoryHome.swift; sourceTree = "<group>"; };
		83837FC72ADD157B00C24DCF /* CategoryRow.swift */ = {isa = PBXFileReference; fileEncoding = 4; lastKnownFileType = sourcecode.swift; path = CategoryRow.swift; sourceTree = "<group>"; };
		83837FE32ADD158900C24DCF /* Profile.swift */ = {isa = PBXFileReference; fileEncoding = 4; lastKnownFileType = sourcecode.swift; path = Profile.swift; sourceTree = "<group>"; };
		83837FE42ADD158900C24DCF /* Hike.swift */ = {isa = PBXFileReference; fileEncoding = 4; lastKnownFileType = sourcecode.swift; path = Hike.swift; sourceTree = "<group>"; };
		83837FE52ADD158900C24DCF /* ModelData.swift */ = {isa = PBXFileReference; fileEncoding = 4; lastKnownFileType = sourcecode.swift; path = ModelData.swift; sourceTree = "<group>"; };
		83837FE62ADD158900C24DCF /* Landmark.swift */ = {isa = PBXFileReference; fileEncoding = 4; lastKnownFileType = sourcecode.swift; path = Landmark.swift; sourceTree = "<group>"; };
		83837FEC2ADD159200C24DCF /* hikeData.json */ = {isa = PBXFileReference; fileEncoding = 4; lastKnownFileType = text.json; path = hikeData.json; sourceTree = "<group>"; };
		83837FED2ADD159200C24DCF /* landmarkData.json */ = {isa = PBXFileReference; fileEncoding = 4; lastKnownFileType = text.json; path = landmarkData.json; sourceTree = "<group>"; };
		83837FF42ADD17DD00C24DCF /* WatchLandmarks Watch App.app */ = {isa = PBXFileReference; explicitFileType = wrapper.application; includeInIndex = 0; path = "WatchLandmarks Watch App.app"; sourceTree = BUILT_PRODUCTS_DIR; };
		83837FF82ADD17DD00C24DCF /* ContentView.swift */ = {isa = PBXFileReference; lastKnownFileType = sourcecode.swift; path = ContentView.swift; sourceTree = "<group>"; };
		83837FFA2ADD17DE00C24DCF /* Assets.xcassets */ = {isa = PBXFileReference; lastKnownFileType = folder.assetcatalog; path = Assets.xcassets; sourceTree = "<group>"; };
		83837FFD2ADD17DE00C24DCF /* Preview Assets.xcassets */ = {isa = PBXFileReference; lastKnownFileType = folder.assetcatalog; path = "Preview Assets.xcassets"; sourceTree = "<group>"; };
		8383800E2ADD18AE00C24DCF /* LandmarkDetail.swift */ = {isa = PBXFileReference; lastKnownFileType = sourcecode.swift; path = LandmarkDetail.swift; sourceTree = "<group>"; };
		838380332ADD230D00C24DCF /* NotificationView.swift */ = {isa = PBXFileReference; lastKnownFileType = sourcecode.swift; path = NotificationView.swift; sourceTree = "<group>"; };
		838380352ADD240500C24DCF /* NotificationController.swift */ = {isa = PBXFileReference; lastKnownFileType = sourcecode.swift; path = NotificationController.swift; sourceTree = "<group>"; };
		838380372ADD257000C24DCF /* PushNotificationPayload.apns */ = {isa = PBXFileReference; lastKnownFileType = text; path = PushNotificationPayload.apns; sourceTree = "<group>"; };
		8383803C2ADD261400C24DCF /* WatchNotificationNotification.appex */ = {isa = PBXFileReference; explicitFileType = "wrapper.app-extension"; includeInIndex = 0; path = WatchNotificationNotification.appex; sourceTree = BUILT_PRODUCTS_DIR; };
		8383803E2ADD261400C24DCF /* NotificationService.swift */ = {isa = PBXFileReference; lastKnownFileType = sourcecode.swift; path = NotificationService.swift; sourceTree = "<group>"; };
		838380402ADD261400C24DCF /* Info.plist */ = {isa = PBXFileReference; lastKnownFileType = text.plist.xml; path = Info.plist; sourceTree = "<group>"; };
		838380562ADD2B1600C24DCF /* MacLandmarks.app */ = {isa = PBXFileReference; explicitFileType = wrapper.application; includeInIndex = 0; path = MacLandmarks.app; sourceTree = BUILT_PRODUCTS_DIR; };
		8383805A2ADD2B1600C24DCF /* ContentView.swift */ = {isa = PBXFileReference; lastKnownFileType = sourcecode.swift; path = ContentView.swift; sourceTree = "<group>"; };
		8383805C2ADD2B1700C24DCF /* Assets.xcassets */ = {isa = PBXFileReference; lastKnownFileType = folder.assetcatalog; path = Assets.xcassets; sourceTree = "<group>"; };
		8383805F2ADD2B1700C24DCF /* Preview Assets.xcassets */ = {isa = PBXFileReference; lastKnownFileType = folder.assetcatalog; path = "Preview Assets.xcassets"; sourceTree = "<group>"; };
		838380612ADD2B1700C24DCF /* MacLandmarks.entitlements */ = {isa = PBXFileReference; lastKnownFileType = text.plist.entitlements; path = MacLandmarks.entitlements; sourceTree = "<group>"; };
		838380722ADD2BD100C24DCF /* LandmarkDetail.swift */ = {isa = PBXFileReference; lastKnownFileType = sourcecode.swift; path = LandmarkDetail.swift; sourceTree = "<group>"; };
/* End PBXFileReference section */

/* Begin PBXFrameworksBuildPhase section */
		83837F922ADD150800C24DCF /* Frameworks */ = {
			isa = PBXFrameworksBuildPhase;
			buildActionMask = 2147483647;
			files = (
			);
			runOnlyForDeploymentPostprocessing = 0;
		};
		83837FF12ADD17DD00C24DCF /* Frameworks */ = {
			isa = PBXFrameworksBuildPhase;
			buildActionMask = 2147483647;
			files = (
			);
			runOnlyForDeploymentPostprocessing = 0;
		};
		838380392ADD261400C24DCF /* Frameworks */ = {
			isa = PBXFrameworksBuildPhase;
			buildActionMask = 2147483647;
			files = (
			);
			runOnlyForDeploymentPostprocessing = 0;
		};
		838380532ADD2B1600C24DCF /* Frameworks */ = {
			isa = PBXFrameworksBuildPhase;
			buildActionMask = 2147483647;
			files = (
			);
			runOnlyForDeploymentPostprocessing = 0;
		};
/* End PBXFrameworksBuildPhase section */

/* Begin PBXGroup section */
		83837F8C2ADD150800C24DCF = {
			isa = PBXGroup;
			children = (
				83837F972ADD150800C24DCF /* Landmarks */,
				83837FF52ADD17DD00C24DCF /* WatchLandmarks Watch App */,
				8383803D2ADD261400C24DCF /* WatchNotificationNotification */,
				838380572ADD2B1600C24DCF /* MacLandmarks */,
				83837F962ADD150800C24DCF /* Products */,
			);
			sourceTree = "<group>";
		};
		83837F962ADD150800C24DCF /* Products */ = {
			isa = PBXGroup;
			children = (
				83837F952ADD150800C24DCF /* Landmarks.app */,
				83837FF42ADD17DD00C24DCF /* WatchLandmarks Watch App.app */,
				8383803C2ADD261400C24DCF /* WatchNotificationNotification.appex */,
				838380562ADD2B1600C24DCF /* MacLandmarks.app */,
			);
			name = Products;
			sourceTree = "<group>";
		};
		83837F972ADD150800C24DCF /* Landmarks */ = {
			isa = PBXGroup;
			children = (
				83837FA62ADD156600C24DCF /* Views */,
				83837FE22ADD158900C24DCF /* Model */,
				83837FEB2ADD159200C24DCF /* Resources */,
				83837F982ADD150800C24DCF /* LandmarksApp.swift */,
				83837F9C2ADD150900C24DCF /* Assets.xcassets */,
				83837F9E2ADD150900C24DCF /* Preview Content */,
			);
			path = Landmarks;
			sourceTree = "<group>";
		};
		83837F9E2ADD150900C24DCF /* Preview Content */ = {
			isa = PBXGroup;
			children = (
				83837F9F2ADD150900C24DCF /* Preview Assets.xcassets */,
			);
			path = "Preview Content";
			sourceTree = "<group>";
		};
		83837FA62ADD156600C24DCF /* Views */ = {
			isa = PBXGroup;
			children = (
				83837F9A2ADD150800C24DCF /* ContentView.swift */,
				83837FAD2ADD157B00C24DCF /* Landmarks */,
				83837FB62ADD157B00C24DCF /* Helper */,
				83837FBA2ADD157B00C24DCF /* Badge */,
				83837FC42ADD157B00C24DCF /* Category */,
				83837FA72ADD157B00C24DCF /* Hikes */,
				83837FB12ADD157B00C24DCF /* PageView */,
				83837FC02ADD157B00C24DCF /* Profiles */,
			);
			path = Views;
			sourceTree = "<group>";
		};
		83837FA72ADD157B00C24DCF /* Hikes */ = {
			isa = PBXGroup;
			children = (
				83837FA82ADD157B00C24DCF /* GraphCapsule.swift */,
				83837FA92ADD157B00C24DCF /* HikeGraph.swift */,
				83837FAA2ADD157B00C24DCF /* HikeBadge.swift */,
				83837FAB2ADD157B00C24DCF /* HikeDetail.swift */,
				83837FAC2ADD157B00C24DCF /* HikeView.swift */,
			);
			path = Hikes;
			sourceTree = "<group>";
		};
		83837FAD2ADD157B00C24DCF /* Landmarks */ = {
			isa = PBXGroup;
			children = (
				83837FAE2ADD157B00C24DCF /* LandmarkList.swift */,
				83837FAF2ADD157B00C24DCF /* LandmarkDetail.swift */,
				83837FB02ADD157B00C24DCF /* LandmarkRow.swift */,
			);
			path = Landmarks;
			sourceTree = "<group>";
		};
		83837FB12ADD157B00C24DCF /* PageView */ = {
			isa = PBXGroup;
			children = (
				83837FB22ADD157B00C24DCF /* FeatureCard.swift */,
				83837FB32ADD157B00C24DCF /* PageControl.swift */,
				83837FB42ADD157B00C24DCF /* PageViewController.swift */,
				83837FB52ADD157B00C24DCF /* PageView.swift */,
			);
			path = PageView;
			sourceTree = "<group>";
		};
		83837FB62ADD157B00C24DCF /* Helper */ = {
			isa = PBXGroup;
			children = (
				83837FB72ADD157B00C24DCF /* MapView.swift */,
				83837FB82ADD157B00C24DCF /* CircleImage.swift */,
				83837FB92ADD157B00C24DCF /* FavoriteButton.swift */,
			);
			path = Helper;
			sourceTree = "<group>";
		};
		83837FBA2ADD157B00C24DCF /* Badge */ = {
			isa = PBXGroup;
			children = (
				83837FBB2ADD157B00C24DCF /* RotatedBadgeSymbol.swift */,
				83837FBC2ADD157B00C24DCF /* HexagonParameters.swift */,
				83837FBD2ADD157B00C24DCF /* BadgeSymbol.swift */,
				83837FBE2ADD157B00C24DCF /* BadgeBackground.swift */,
				83837FBF2ADD157B00C24DCF /* Badge.swift */,
			);
			path = Badge;
			sourceTree = "<group>";
		};
		83837FC02ADD157B00C24DCF /* Profiles */ = {
			isa = PBXGroup;
			children = (
				83837FC12ADD157B00C24DCF /* ProfileSummary.swift */,
				83837FC22ADD157B00C24DCF /* ProfileEditor.swift */,
				83837FC32ADD157B00C24DCF /* ProfileHost.swift */,
			);
			path = Profiles;
			sourceTree = "<group>";
		};
		83837FC42ADD157B00C24DCF /* Category */ = {
			isa = PBXGroup;
			children = (
				83837FC52ADD157B00C24DCF /* CategoryItem.swift */,
				83837FC62ADD157B00C24DCF /* CategoryHome.swift */,
				83837FC72ADD157B00C24DCF /* CategoryRow.swift */,
			);
			path = Category;
			sourceTree = "<group>";
		};
		83837FE22ADD158900C24DCF /* Model */ = {
			isa = PBXGroup;
			children = (
				83837FE32ADD158900C24DCF /* Profile.swift */,
				83837FE42ADD158900C24DCF /* Hike.swift */,
				83837FE52ADD158900C24DCF /* ModelData.swift */,
				83837FE62ADD158900C24DCF /* Landmark.swift */,
			);
			path = Model;
			sourceTree = "<group>";
		};
		83837FEB2ADD159200C24DCF /* Resources */ = {
			isa = PBXGroup;
			children = (
				83837FEC2ADD159200C24DCF /* hikeData.json */,
				83837FED2ADD159200C24DCF /* landmarkData.json */,
			);
			path = Resources;
			sourceTree = "<group>";
		};
		83837FF52ADD17DD00C24DCF /* WatchLandmarks Watch App */ = {
			isa = PBXGroup;
			children = (
				83837FF82ADD17DD00C24DCF /* ContentView.swift */,
				8383800E2ADD18AE00C24DCF /* LandmarkDetail.swift */,
				838380332ADD230D00C24DCF /* NotificationView.swift */,
				838380352ADD240500C24DCF /* NotificationController.swift */,
				83837FFA2ADD17DE00C24DCF /* Assets.xcassets */,
				83837FFC2ADD17DE00C24DCF /* Preview Content */,
				834D66C72ADE2BAF00F71E9F /* LandmarkList.swift */,
			);
			path = "WatchLandmarks Watch App";
			sourceTree = "<group>";
		};
		83837FFC2ADD17DE00C24DCF /* Preview Content */ = {
			isa = PBXGroup;
			children = (
				83837FFD2ADD17DE00C24DCF /* Preview Assets.xcassets */,
			);
			path = "Preview Content";
			sourceTree = "<group>";
		};
		8383803D2ADD261400C24DCF /* WatchNotificationNotification */ = {
			isa = PBXGroup;
			children = (
				838380372ADD257000C24DCF /* PushNotificationPayload.apns */,
				8383803E2ADD261400C24DCF /* NotificationService.swift */,
				838380402ADD261400C24DCF /* Info.plist */,
			);
			path = WatchNotificationNotification;
			sourceTree = "<group>";
		};
		838380572ADD2B1600C24DCF /* MacLandmarks */ = {
			isa = PBXGroup;
			children = (
				8383805A2ADD2B1600C24DCF /* ContentView.swift */,
				834D66C92ADE31F300F71E9F /* LandmarkCommand.swift */,
				838380722ADD2BD100C24DCF /* LandmarkDetail.swift */,
				8383805C2ADD2B1700C24DCF /* Assets.xcassets */,
				838380612ADD2B1700C24DCF /* MacLandmarks.entitlements */,
				8383805E2ADD2B1700C24DCF /* Preview Content */,
				834D66CC2ADE52F500F71E9F /* LandmarkSetting.swift */,
			);
			path = MacLandmarks;
			sourceTree = "<group>";
		};
		8383805E2ADD2B1700C24DCF /* Preview Content */ = {
			isa = PBXGroup;
			children = (
				8383805F2ADD2B1700C24DCF /* Preview Assets.xcassets */,
			);
			path = "Preview Content";
			sourceTree = "<group>";
		};
/* End PBXGroup section */

/* Begin PBXNativeTarget section */
		83837F942ADD150800C24DCF /* Landmarks */ = {
			isa = PBXNativeTarget;
			buildConfigurationList = 83837FA32ADD150900C24DCF /* Build configuration list for PBXNativeTarget "Landmarks" */;
			buildPhases = (
				83837F912ADD150800C24DCF /* Sources */,
				83837F922ADD150800C24DCF /* Frameworks */,
				83837F932ADD150800C24DCF /* Resources */,
			);
			buildRules = (
			);
			dependencies = (
			);
			name = Landmarks;
			productName = Landmarks;
			productReference = 83837F952ADD150800C24DCF /* Landmarks.app */;
			productType = "com.apple.product-type.application";
		};
		83837FF32ADD17DD00C24DCF /* WatchLandmarks Watch App */ = {
			isa = PBXNativeTarget;
			buildConfigurationList = 83837FFF2ADD17DE00C24DCF /* Build configuration list for PBXNativeTarget "WatchLandmarks Watch App" */;
			buildPhases = (
				83837FF02ADD17DD00C24DCF /* Sources */,
				83837FF12ADD17DD00C24DCF /* Frameworks */,
				83837FF22ADD17DD00C24DCF /* Resources */,
				8383801F2ADD1D1B00C24DCF /* Embed Foundation Extensions */,
			);
			buildRules = (
			);
			dependencies = (
				838380422ADD261400C24DCF /* PBXTargetDependency */,
			);
			name = "WatchLandmarks Watch App";
			productName = "WatchLandmarks Watch App";
			productReference = 83837FF42ADD17DD00C24DCF /* WatchLandmarks Watch App.app */;
			productType = "com.apple.product-type.application";
		};
		8383803B2ADD261400C24DCF /* WatchNotificationNotification */ = {
			isa = PBXNativeTarget;
			buildConfigurationList = 838380442ADD261400C24DCF /* Build configuration list for PBXNativeTarget "WatchNotificationNotification" */;
			buildPhases = (
				838380382ADD261400C24DCF /* Sources */,
				838380392ADD261400C24DCF /* Frameworks */,
				8383803A2ADD261400C24DCF /* Resources */,
			);
			buildRules = (
			);
			dependencies = (
			);
			name = WatchNotificationNotification;
			productName = WatchNotificationNotification;
			productReference = 8383803C2ADD261400C24DCF /* WatchNotificationNotification.appex */;
			productType = "com.apple.product-type.app-extension";
		};
		838380552ADD2B1600C24DCF /* MacLandmarks */ = {
			isa = PBXNativeTarget;
			buildConfigurationList = 838380622ADD2B1700C24DCF /* Build configuration list for PBXNativeTarget "MacLandmarks" */;
			buildPhases = (
				838380522ADD2B1600C24DCF /* Sources */,
				838380532ADD2B1600C24DCF /* Frameworks */,
				838380542ADD2B1600C24DCF /* Resources */,
			);
			buildRules = (
			);
			dependencies = (
			);
			name = MacLandmarks;
			productName = MacLandmarks;
			productReference = 838380562ADD2B1600C24DCF /* MacLandmarks.app */;
			productType = "com.apple.product-type.application";
		};
/* End PBXNativeTarget section */

/* Begin PBXProject section */
		83837F8D2ADD150800C24DCF /* Project object */ = {
			isa = PBXProject;
			attributes = {
				BuildIndependentTargetsInParallel = 1;
				LastSwiftUpdateCheck = 1500;
				LastUpgradeCheck = 1500;
				TargetAttributes = {
					83837F942ADD150800C24DCF = {
						CreatedOnToolsVersion = 15.0;
					};
					83837FF32ADD17DD00C24DCF = {
						CreatedOnToolsVersion = 15.0;
					};
					8383803B2ADD261400C24DCF = {
						CreatedOnToolsVersion = 15.0;
					};
					838380552ADD2B1600C24DCF = {
						CreatedOnToolsVersion = 15.0;
					};
				};
			};
			buildConfigurationList = 83837F902ADD150800C24DCF /* Build configuration list for PBXProject "Landmarks" */;
			compatibilityVersion = "Xcode 14.0";
			developmentRegion = en;
			hasScannedForEncodings = 0;
			knownRegions = (
				en,
				Base,
			);
			mainGroup = 83837F8C2ADD150800C24DCF;
			productRefGroup = 83837F962ADD150800C24DCF /* Products */;
			projectDirPath = "";
			projectRoot = "";
			targets = (
				83837F942ADD150800C24DCF /* Landmarks */,
				83837FF32ADD17DD00C24DCF /* WatchLandmarks Watch App */,
				8383803B2ADD261400C24DCF /* WatchNotificationNotification */,
				838380552ADD2B1600C24DCF /* MacLandmarks */,
			);
		};
/* End PBXProject section */

/* Begin PBXResourcesBuildPhase section */
		83837F932ADD150800C24DCF /* Resources */ = {
			isa = PBXResourcesBuildPhase;
			buildActionMask = 2147483647;
			files = (
				83837FA02ADD150900C24DCF /* Preview Assets.xcassets in Resources */,
				83837FEF2ADD159200C24DCF /* landmarkData.json in Resources */,
				83837FEE2ADD159200C24DCF /* hikeData.json in Resources */,
				83837F9D2ADD150900C24DCF /* Assets.xcassets in Resources */,
			);
			runOnlyForDeploymentPostprocessing = 0;
		};
		83837FF22ADD17DD00C24DCF /* Resources */ = {
			isa = PBXResourcesBuildPhase;
			buildActionMask = 2147483647;
			files = (
				83837FFE2ADD17DE00C24DCF /* Preview Assets.xcassets in Resources */,
				83837FFB2ADD17DE00C24DCF /* Assets.xcassets in Resources */,
				8383800A2ADD188800C24DCF /* Assets.xcassets in Resources */,
				838380062ADD188800C24DCF /* landmarkData.json in Resources */,
				8383800B2ADD188800C24DCF /* hikeData.json in Resources */,
			);
			runOnlyForDeploymentPostprocessing = 0;
		};
		8383803A2ADD261400C24DCF /* Resources */ = {
			isa = PBXResourcesBuildPhase;
			buildActionMask = 2147483647;
			files = (
				838380492ADD27D000C24DCF /* landmarkData.json in Resources */,
			);
			runOnlyForDeploymentPostprocessing = 0;
		};
		838380542ADD2B1600C24DCF /* Resources */ = {
			isa = PBXResourcesBuildPhase;
			buildActionMask = 2147483647;
			files = (
				838380602ADD2B1700C24DCF /* Preview Assets.xcassets in Resources */,
				8383805D2ADD2B1700C24DCF /* Assets.xcassets in Resources */,
				8383806C2ADD2B6E00C24DCF /* Assets.xcassets in Resources */,
				838380662ADD2B6E00C24DCF /* landmarkData.json in Resources */,
				8383806E2ADD2B6E00C24DCF /* hikeData.json in Resources */,
			);
			runOnlyForDeploymentPostprocessing = 0;
		};
/* End PBXResourcesBuildPhase section */

/* Begin PBXSourcesBuildPhase section */
		83837F912ADD150800C24DCF /* Sources */ = {
			isa = PBXSourcesBuildPhase;
			buildActionMask = 2147483647;
			files = (
				83837FE82ADD158900C24DCF /* Hike.swift in Sources */,
				83837FCA2ADD157B00C24DCF /* HikeBadge.swift in Sources */,
				834D66CD2ADE52F500F71E9F /* LandmarkSetting.swift in Sources */,
				83837FE02ADD157B00C24DCF /* CategoryHome.swift in Sources */,
				83837FE72ADD158900C24DCF /* Profile.swift in Sources */,
				83837FD52ADD157B00C24DCF /* CircleImage.swift in Sources */,
				83837FD82ADD157B00C24DCF /* HexagonParameters.swift in Sources */,
				83837F9B2ADD150800C24DCF /* ContentView.swift in Sources */,
				83837FD12ADD157B00C24DCF /* PageControl.swift in Sources */,
				83837FCC2ADD157B00C24DCF /* HikeView.swift in Sources */,
				83837FCD2ADD157B00C24DCF /* LandmarkList.swift in Sources */,
				83837FCE2ADD157B00C24DCF /* LandmarkDetail.swift in Sources */,
				83837FDF2ADD157B00C24DCF /* CategoryItem.swift in Sources */,
				83837FE92ADD158900C24DCF /* ModelData.swift in Sources */,
				83837FC92ADD157B00C24DCF /* HikeGraph.swift in Sources */,
				834D66CA2ADE31F300F71E9F /* LandmarkCommand.swift in Sources */,
				83837FD42ADD157B00C24DCF /* MapView.swift in Sources */,
				83837F992ADD150800C24DCF /* LandmarksApp.swift in Sources */,
				83837FDC2ADD157B00C24DCF /* ProfileSummary.swift in Sources */,
				83837FC82ADD157B00C24DCF /* GraphCapsule.swift in Sources */,
				83837FDE2ADD157B00C24DCF /* ProfileHost.swift in Sources */,
				83837FEA2ADD158900C24DCF /* Landmark.swift in Sources */,
				83837FD72ADD157B00C24DCF /* RotatedBadgeSymbol.swift in Sources */,
				83837FDD2ADD157B00C24DCF /* ProfileEditor.swift in Sources */,
				83837FE12ADD157B00C24DCF /* CategoryRow.swift in Sources */,
				83837FDB2ADD157B00C24DCF /* Badge.swift in Sources */,
				83837FD92ADD157B00C24DCF /* BadgeSymbol.swift in Sources */,
				83837FCF2ADD157B00C24DCF /* LandmarkRow.swift in Sources */,
				83837FD22ADD157B00C24DCF /* PageViewController.swift in Sources */,
				83837FDA2ADD157B00C24DCF /* BadgeBackground.swift in Sources */,
				83837FD62ADD157B00C24DCF /* FavoriteButton.swift in Sources */,
				83837FCB2ADD157B00C24DCF /* HikeDetail.swift in Sources */,
				83837FD02ADD157B00C24DCF /* FeatureCard.swift in Sources */,
				83837FD32ADD157B00C24DCF /* PageView.swift in Sources */,
			);
			runOnlyForDeploymentPostprocessing = 0;
		};
		83837FF02ADD17DD00C24DCF /* Sources */ = {
			isa = PBXSourcesBuildPhase;
			buildActionMask = 2147483647;
			files = (
				83837FF92ADD17DD00C24DCF /* ContentView.swift in Sources */,
				838380072ADD188800C24DCF /* LandmarksApp.swift in Sources */,
				838380022ADD188800C24DCF /* MapView.swift in Sources */,
				834D66C82ADE2BAF00F71E9F /* LandmarkList.swift in Sources */,
				838380092ADD188800C24DCF /* Landmark.swift in Sources */,
				838380082ADD188800C24DCF /* Profile.swift in Sources */,
				838380052ADD188800C24DCF /* ModelData.swift in Sources */,
				838380042ADD188800C24DCF /* Hike.swift in Sources */,
				838380032ADD188800C24DCF /* CircleImage.swift in Sources */,
				8383800C2ADD188800C24DCF /* LandmarkRow.swift in Sources */,
				838380512ADD28B900C24DCF /* NotificationController.swift in Sources */,
				8383800F2ADD18AE00C24DCF /* LandmarkDetail.swift in Sources */,
				838380502ADD28B900C24DCF /* NotificationView.swift in Sources */,
			);
			runOnlyForDeploymentPostprocessing = 0;
		};
		838380382ADD261400C24DCF /* Sources */ = {
			isa = PBXSourcesBuildPhase;
			buildActionMask = 2147483647;
			files = (
				8383804E2ADD287200C24DCF /* CircleImage.swift in Sources */,
				8383804B2ADD283500C24DCF /* Hike.swift in Sources */,
				8383803F2ADD261400C24DCF /* NotificationService.swift in Sources */,
				8383804A2ADD283500C24DCF /* Profile.swift in Sources */,
				838380472ADD27D000C24DCF /* ModelData.swift in Sources */,
				838380482ADD27D000C24DCF /* Landmark.swift in Sources */,
			);
			runOnlyForDeploymentPostprocessing = 0;
		};
		838380522ADD2B1600C24DCF /* Sources */ = {
			isa = PBXSourcesBuildPhase;
			buildActionMask = 2147483647;
			files = (
				8383805B2ADD2B1600C24DCF /* ContentView.swift in Sources */,
				838380682ADD2B6E00C24DCF /* Profile.swift in Sources */,
				838380652ADD2B6E00C24DCF /* Landmark.swift in Sources */,
				838380712ADD2B6E00C24DCF /* MapView.swift in Sources */,
				834D66CB2ADE31F300F71E9F /* LandmarkCommand.swift in Sources */,
				838380732ADD2BD100C24DCF /* LandmarkDetail.swift in Sources */,
				8383806B2ADD2B6E00C24DCF /* CircleImage.swift in Sources */,
				8383806F2ADD2B6E00C24DCF /* LandmarkList.swift in Sources */,
				8383806A2ADD2B6E00C24DCF /* FavoriteButton.swift in Sources */,
				838380692ADD2B6E00C24DCF /* LandmarksApp.swift in Sources */,
				834D66CE2ADE52F500F71E9F /* LandmarkSetting.swift in Sources */,
				838380702ADD2B6E00C24DCF /* ModelData.swift in Sources */,
				8383806D2ADD2B6E00C24DCF /* Hike.swift in Sources */,
				838380672ADD2B6E00C24DCF /* LandmarkRow.swift in Sources */,
			);
			runOnlyForDeploymentPostprocessing = 0;
		};
/* End PBXSourcesBuildPhase section */

/* Begin PBXTargetDependency section */
		838380422ADD261400C24DCF /* PBXTargetDependency */ = {
			isa = PBXTargetDependency;
			target = 8383803B2ADD261400C24DCF /* WatchNotificationNotification */;
			targetProxy = 838380412ADD261400C24DCF /* PBXContainerItemProxy */;
		};
/* End PBXTargetDependency section */

/* Begin XCBuildConfiguration section */
		83837FA12ADD150900C24DCF /* Debug */ = {
			isa = XCBuildConfiguration;
			buildSettings = {
				ALWAYS_SEARCH_USER_PATHS = NO;
				ASSETCATALOG_COMPILER_GENERATE_SWIFT_ASSET_SYMBOL_EXTENSIONS = YES;
				CLANG_ANALYZER_NONNULL = YES;
				CLANG_ANALYZER_NUMBER_OBJECT_CONVERSION = YES_AGGRESSIVE;
				CLANG_CXX_LANGUAGE_STANDARD = "gnu++20";
				CLANG_ENABLE_MODULES = YES;
				CLANG_ENABLE_OBJC_ARC = YES;
				CLANG_ENABLE_OBJC_WEAK = YES;
				CLANG_WARN_BLOCK_CAPTURE_AUTORELEASING = YES;
				CLANG_WARN_BOOL_CONVERSION = YES;
				CLANG_WARN_COMMA = YES;
				CLANG_WARN_CONSTANT_CONVERSION = YES;
				CLANG_WARN_DEPRECATED_OBJC_IMPLEMENTATIONS = YES;
				CLANG_WARN_DIRECT_OBJC_ISA_USAGE = YES_ERROR;
				CLANG_WARN_DOCUMENTATION_COMMENTS = YES;
				CLANG_WARN_EMPTY_BODY = YES;
				CLANG_WARN_ENUM_CONVERSION = YES;
				CLANG_WARN_INFINITE_RECURSION = YES;
				CLANG_WARN_INT_CONVERSION = YES;
				CLANG_WARN_NON_LITERAL_NULL_CONVERSION = YES;
				CLANG_WARN_OBJC_IMPLICIT_RETAIN_SELF = YES;
				CLANG_WARN_OBJC_LITERAL_CONVERSION = YES;
				CLANG_WARN_OBJC_ROOT_CLASS = YES_ERROR;
				CLANG_WARN_QUOTED_INCLUDE_IN_FRAMEWORK_HEADER = YES;
				CLANG_WARN_RANGE_LOOP_ANALYSIS = YES;
				CLANG_WARN_STRICT_PROTOTYPES = YES;
				CLANG_WARN_SUSPICIOUS_MOVE = YES;
				CLANG_WARN_UNGUARDED_AVAILABILITY = YES_AGGRESSIVE;
				CLANG_WARN_UNREACHABLE_CODE = YES;
				CLANG_WARN__DUPLICATE_METHOD_MATCH = YES;
				COPY_PHASE_STRIP = NO;
				DEBUG_INFORMATION_FORMAT = dwarf;
				ENABLE_STRICT_OBJC_MSGSEND = YES;
				ENABLE_TESTABILITY = YES;
				ENABLE_USER_SCRIPT_SANDBOXING = YES;
				GCC_C_LANGUAGE_STANDARD = gnu17;
				GCC_DYNAMIC_NO_PIC = NO;
				GCC_NO_COMMON_BLOCKS = YES;
				GCC_OPTIMIZATION_LEVEL = 0;
				GCC_PREPROCESSOR_DEFINITIONS = (
					"DEBUG=1",
					"$(inherited)",
				);
				GCC_WARN_64_TO_32_BIT_CONVERSION = YES;
				GCC_WARN_ABOUT_RETURN_TYPE = YES_ERROR;
				GCC_WARN_UNDECLARED_SELECTOR = YES;
				GCC_WARN_UNINITIALIZED_AUTOS = YES_AGGRESSIVE;
				GCC_WARN_UNUSED_FUNCTION = YES;
				GCC_WARN_UNUSED_VARIABLE = YES;
				IPHONEOS_DEPLOYMENT_TARGET = 17.0;
				LOCALIZATION_PREFERS_STRING_CATALOGS = YES;
				MTL_ENABLE_DEBUG_INFO = INCLUDE_SOURCE;
				MTL_FAST_MATH = YES;
				ONLY_ACTIVE_ARCH = YES;
				SDKROOT = iphoneos;
				SWIFT_ACTIVE_COMPILATION_CONDITIONS = "DEBUG $(inherited)";
				SWIFT_OPTIMIZATION_LEVEL = "-Onone";
			};
			name = Debug;
		};
		83837FA22ADD150900C24DCF /* Release */ = {
			isa = XCBuildConfiguration;
			buildSettings = {
				ALWAYS_SEARCH_USER_PATHS = NO;
				ASSETCATALOG_COMPILER_GENERATE_SWIFT_ASSET_SYMBOL_EXTENSIONS = YES;
				CLANG_ANALYZER_NONNULL = YES;
				CLANG_ANALYZER_NUMBER_OBJECT_CONVERSION = YES_AGGRESSIVE;
				CLANG_CXX_LANGUAGE_STANDARD = "gnu++20";
				CLANG_ENABLE_MODULES = YES;
				CLANG_ENABLE_OBJC_ARC = YES;
				CLANG_ENABLE_OBJC_WEAK = YES;
				CLANG_WARN_BLOCK_CAPTURE_AUTORELEASING = YES;
				CLANG_WARN_BOOL_CONVERSION = YES;
				CLANG_WARN_COMMA = YES;
				CLANG_WARN_CONSTANT_CONVERSION = YES;
				CLANG_WARN_DEPRECATED_OBJC_IMPLEMENTATIONS = YES;
				CLANG_WARN_DIRECT_OBJC_ISA_USAGE = YES_ERROR;
				CLANG_WARN_DOCUMENTATION_COMMENTS = YES;
				CLANG_WARN_EMPTY_BODY = YES;
				CLANG_WARN_ENUM_CONVERSION = YES;
				CLANG_WARN_INFINITE_RECURSION = YES;
				CLANG_WARN_INT_CONVERSION = YES;
				CLANG_WARN_NON_LITERAL_NULL_CONVERSION = YES;
				CLANG_WARN_OBJC_IMPLICIT_RETAIN_SELF = YES;
				CLANG_WARN_OBJC_LITERAL_CONVERSION = YES;
				CLANG_WARN_OBJC_ROOT_CLASS = YES_ERROR;
				CLANG_WARN_QUOTED_INCLUDE_IN_FRAMEWORK_HEADER = YES;
				CLANG_WARN_RANGE_LOOP_ANALYSIS = YES;
				CLANG_WARN_STRICT_PROTOTYPES = YES;
				CLANG_WARN_SUSPICIOUS_MOVE = YES;
				CLANG_WARN_UNGUARDED_AVAILABILITY = YES_AGGRESSIVE;
				CLANG_WARN_UNREACHABLE_CODE = YES;
				CLANG_WARN__DUPLICATE_METHOD_MATCH = YES;
				COPY_PHASE_STRIP = NO;
				DEBUG_INFORMATION_FORMAT = "dwarf-with-dsym";
				ENABLE_NS_ASSERTIONS = NO;
				ENABLE_STRICT_OBJC_MSGSEND = YES;
				ENABLE_USER_SCRIPT_SANDBOXING = YES;
				GCC_C_LANGUAGE_STANDARD = gnu17;
				GCC_NO_COMMON_BLOCKS = YES;
				GCC_WARN_64_TO_32_BIT_CONVERSION = YES;
				GCC_WARN_ABOUT_RETURN_TYPE = YES_ERROR;
				GCC_WARN_UNDECLARED_SELECTOR = YES;
				GCC_WARN_UNINITIALIZED_AUTOS = YES_AGGRESSIVE;
				GCC_WARN_UNUSED_FUNCTION = YES;
				GCC_WARN_UNUSED_VARIABLE = YES;
				IPHONEOS_DEPLOYMENT_TARGET = 17.0;
				LOCALIZATION_PREFERS_STRING_CATALOGS = YES;
				MTL_ENABLE_DEBUG_INFO = NO;
				MTL_FAST_MATH = YES;
				SDKROOT = iphoneos;
				SWIFT_COMPILATION_MODE = wholemodule;
				VALIDATE_PRODUCT = YES;
			};
			name = Release;
		};
		83837FA42ADD150900C24DCF /* Debug */ = {
			isa = XCBuildConfiguration;
			buildSettings = {
				ASSETCATALOG_COMPILER_APPICON_NAME = AppIcon;
				ASSETCATALOG_COMPILER_GLOBAL_ACCENT_COLOR_NAME = AccentColor;
				CODE_SIGN_STYLE = Automatic;
				CURRENT_PROJECT_VERSION = 1;
				DEVELOPMENT_ASSET_PATHS = "\"Landmarks/Preview Content\"";
				DEVELOPMENT_TEAM = 5JS4N66R82;
				ENABLE_PREVIEWS = YES;
				GENERATE_INFOPLIST_FILE = YES;
				INFOPLIST_KEY_UIApplicationSceneManifest_Generation = YES;
				INFOPLIST_KEY_UIApplicationSupportsIndirectInputEvents = YES;
				INFOPLIST_KEY_UILaunchScreen_Generation = YES;
				INFOPLIST_KEY_UISupportedInterfaceOrientations_iPad = "UIInterfaceOrientationPortrait UIInterfaceOrientationPortraitUpsideDown UIInterfaceOrientationLandscapeLeft UIInterfaceOrientationLandscapeRight";
				INFOPLIST_KEY_UISupportedInterfaceOrientations_iPhone = "UIInterfaceOrientationPortrait UIInterfaceOrientationLandscapeLeft UIInterfaceOrientationLandscapeRight";
				LD_RUNPATH_SEARCH_PATHS = (
					"$(inherited)",
					"@executable_path/Frameworks",
				);
				MARKETING_VERSION = 1.0;
				PRODUCT_BUNDLE_IDENTIFIER = jss.Landmarks;
				PRODUCT_NAME = "$(TARGET_NAME)";
				SWIFT_EMIT_LOC_STRINGS = YES;
				SWIFT_VERSION = 5.0;
				TARGETED_DEVICE_FAMILY = "1,2";
			};
			name = Debug;
		};
		83837FA52ADD150900C24DCF /* Release */ = {
			isa = XCBuildConfiguration;
			buildSettings = {
				ASSETCATALOG_COMPILER_APPICON_NAME = AppIcon;
				ASSETCATALOG_COMPILER_GLOBAL_ACCENT_COLOR_NAME = AccentColor;
				CODE_SIGN_STYLE = Automatic;
				CURRENT_PROJECT_VERSION = 1;
				DEVELOPMENT_ASSET_PATHS = "\"Landmarks/Preview Content\"";
				DEVELOPMENT_TEAM = 5JS4N66R82;
				ENABLE_PREVIEWS = YES;
				GENERATE_INFOPLIST_FILE = YES;
				INFOPLIST_KEY_UIApplicationSceneManifest_Generation = YES;
				INFOPLIST_KEY_UIApplicationSupportsIndirectInputEvents = YES;
				INFOPLIST_KEY_UILaunchScreen_Generation = YES;
				INFOPLIST_KEY_UISupportedInterfaceOrientations_iPad = "UIInterfaceOrientationPortrait UIInterfaceOrientationPortraitUpsideDown UIInterfaceOrientationLandscapeLeft UIInterfaceOrientationLandscapeRight";
				INFOPLIST_KEY_UISupportedInterfaceOrientations_iPhone = "UIInterfaceOrientationPortrait UIInterfaceOrientationLandscapeLeft UIInterfaceOrientationLandscapeRight";
				LD_RUNPATH_SEARCH_PATHS = (
					"$(inherited)",
					"@executable_path/Frameworks",
				);
				MARKETING_VERSION = 1.0;
				PRODUCT_BUNDLE_IDENTIFIER = jss.Landmarks;
				PRODUCT_NAME = "$(TARGET_NAME)";
				SWIFT_EMIT_LOC_STRINGS = YES;
				SWIFT_VERSION = 5.0;
				TARGETED_DEVICE_FAMILY = "1,2";
			};
			name = Release;
		};
		838380002ADD17DE00C24DCF /* Debug */ = {
			isa = XCBuildConfiguration;
			buildSettings = {
				ALWAYS_EMBED_SWIFT_STANDARD_LIBRARIES = YES;
				ASSETCATALOG_COMPILER_APPICON_NAME = AppIcon;
				ASSETCATALOG_COMPILER_GLOBAL_ACCENT_COLOR_NAME = AccentColor;
				CODE_SIGN_STYLE = Automatic;
				CURRENT_PROJECT_VERSION = 1;
				DEVELOPMENT_ASSET_PATHS = "\"WatchLandmarks Watch App/Preview Content\"";
				DEVELOPMENT_TEAM = 5JS4N66R82;
				ENABLE_PREVIEWS = YES;
				GENERATE_INFOPLIST_FILE = YES;
				INFOPLIST_KEY_CFBundleDisplayName = WatchLandmarks;
				INFOPLIST_KEY_UISupportedInterfaceOrientations = "UIInterfaceOrientationPortrait UIInterfaceOrientationPortraitUpsideDown";
				INFOPLIST_KEY_WKCompanionAppBundleIdentifier = "";
				INFOPLIST_KEY_WKRunsIndependentlyOfCompanionApp = YES;
				LD_RUNPATH_SEARCH_PATHS = (
					"$(inherited)",
					"@executable_path/Frameworks",
				);
				MARKETING_VERSION = 1.0;
				PRODUCT_BUNDLE_IDENTIFIER = .watchkitapp;
				PRODUCT_NAME = "$(TARGET_NAME)";
				SDKROOT = watchos;
				SKIP_INSTALL = YES;
				SWIFT_EMIT_LOC_STRINGS = YES;
				SWIFT_VERSION = 5.0;
				TARGETED_DEVICE_FAMILY = 4;
				WATCHOS_DEPLOYMENT_TARGET = 10.0;
			};
			name = Debug;
		};
		838380012ADD17DE00C24DCF /* Release */ = {
			isa = XCBuildConfiguration;
			buildSettings = {
				ALWAYS_EMBED_SWIFT_STANDARD_LIBRARIES = YES;
				ASSETCATALOG_COMPILER_APPICON_NAME = AppIcon;
				ASSETCATALOG_COMPILER_GLOBAL_ACCENT_COLOR_NAME = AccentColor;
				CODE_SIGN_STYLE = Automatic;
				CURRENT_PROJECT_VERSION = 1;
				DEVELOPMENT_ASSET_PATHS = "\"WatchLandmarks Watch App/Preview Content\"";
				DEVELOPMENT_TEAM = 5JS4N66R82;
				ENABLE_PREVIEWS = YES;
				GENERATE_INFOPLIST_FILE = YES;
				INFOPLIST_KEY_CFBundleDisplayName = WatchLandmarks;
				INFOPLIST_KEY_UISupportedInterfaceOrientations = "UIInterfaceOrientationPortrait UIInterfaceOrientationPortraitUpsideDown";
				INFOPLIST_KEY_WKCompanionAppBundleIdentifier = "";
				INFOPLIST_KEY_WKRunsIndependentlyOfCompanionApp = YES;
				LD_RUNPATH_SEARCH_PATHS = (
					"$(inherited)",
					"@executable_path/Frameworks",
				);
				MARKETING_VERSION = 1.0;
				PRODUCT_BUNDLE_IDENTIFIER = .watchkitapp;
				PRODUCT_NAME = "$(TARGET_NAME)";
				SDKROOT = watchos;
				SKIP_INSTALL = YES;
				SWIFT_EMIT_LOC_STRINGS = YES;
				SWIFT_VERSION = 5.0;
				TARGETED_DEVICE_FAMILY = 4;
				WATCHOS_DEPLOYMENT_TARGET = 10.0;
			};
			name = Release;
		};
		838380452ADD261400C24DCF /* Debug */ = {
			isa = XCBuildConfiguration;
			buildSettings = {
				CODE_SIGN_STYLE = Automatic;
				CURRENT_PROJECT_VERSION = 1;
				DEVELOPMENT_TEAM = 5JS4N66R82;
				GENERATE_INFOPLIST_FILE = YES;
				INFOPLIST_FILE = WatchNotificationNotification/Info.plist;
				INFOPLIST_KEY_CFBundleDisplayName = WatchNotificationNotification;
				INFOPLIST_KEY_NSHumanReadableCopyright = "";
				LD_RUNPATH_SEARCH_PATHS = (
					"$(inherited)",
					"@executable_path/Frameworks",
					"@executable_path/../../Frameworks",
					"@executable_path/../../../../Frameworks",
				);
				MARKETING_VERSION = 1.0;
				PRODUCT_BUNDLE_IDENTIFIER = .watchkitapp.WatchNotificationNotification;
				PRODUCT_NAME = "$(TARGET_NAME)";
				SDKROOT = watchos;
				SKIP_INSTALL = YES;
				SWIFT_EMIT_LOC_STRINGS = YES;
				SWIFT_VERSION = 5.0;
				TARGETED_DEVICE_FAMILY = 4;
				WATCHOS_DEPLOYMENT_TARGET = 10.0;
			};
			name = Debug;
		};
		838380462ADD261400C24DCF /* Release */ = {
			isa = XCBuildConfiguration;
			buildSettings = {
				CODE_SIGN_STYLE = Automatic;
				CURRENT_PROJECT_VERSION = 1;
				DEVELOPMENT_TEAM = 5JS4N66R82;
				GENERATE_INFOPLIST_FILE = YES;
				INFOPLIST_FILE = WatchNotificationNotification/Info.plist;
				INFOPLIST_KEY_CFBundleDisplayName = WatchNotificationNotification;
				INFOPLIST_KEY_NSHumanReadableCopyright = "";
				LD_RUNPATH_SEARCH_PATHS = (
					"$(inherited)",
					"@executable_path/Frameworks",
					"@executable_path/../../Frameworks",
					"@executable_path/../../../../Frameworks",
				);
				MARKETING_VERSION = 1.0;
				PRODUCT_BUNDLE_IDENTIFIER = .watchkitapp.WatchNotificationNotification;
				PRODUCT_NAME = "$(TARGET_NAME)";
				SDKROOT = watchos;
				SKIP_INSTALL = YES;
				SWIFT_EMIT_LOC_STRINGS = YES;
				SWIFT_VERSION = 5.0;
				TARGETED_DEVICE_FAMILY = 4;
				WATCHOS_DEPLOYMENT_TARGET = 10.0;
			};
			name = Release;
		};
		838380632ADD2B1700C24DCF /* Debug */ = {
			isa = XCBuildConfiguration;
			buildSettings = {
				ASSETCATALOG_COMPILER_APPICON_NAME = AppIcon;
				ASSETCATALOG_COMPILER_GLOBAL_ACCENT_COLOR_NAME = AccentColor;
				CODE_SIGN_ENTITLEMENTS = MacLandmarks/MacLandmarks.entitlements;
				CODE_SIGN_STYLE = Automatic;
				COMBINE_HIDPI_IMAGES = YES;
				CURRENT_PROJECT_VERSION = 1;
				DEVELOPMENT_ASSET_PATHS = "\"MacLandmarks/Preview Content\"";
				DEVELOPMENT_TEAM = 5JS4N66R82;
				ENABLE_HARDENED_RUNTIME = YES;
				ENABLE_PREVIEWS = YES;
				GENERATE_INFOPLIST_FILE = YES;
				INFOPLIST_KEY_NSHumanReadableCopyright = "";
				LD_RUNPATH_SEARCH_PATHS = (
					"$(inherited)",
					"@executable_path/../Frameworks",
				);
				MACOSX_DEPLOYMENT_TARGET = 14.0;
				MARKETING_VERSION = 1.0;
				PRODUCT_BUNDLE_IDENTIFIER = jss.MacLandmarks;
				PRODUCT_NAME = "$(TARGET_NAME)";
				SDKROOT = macosx;
				SWIFT_EMIT_LOC_STRINGS = YES;
				SWIFT_VERSION = 5.0;
			};
			name = Debug;
		};
		838380642ADD2B1700C24DCF /* Release */ = {
			isa = XCBuildConfiguration;
			buildSettings = {
				ASSETCATALOG_COMPILER_APPICON_NAME = AppIcon;
				ASSETCATALOG_COMPILER_GLOBAL_ACCENT_COLOR_NAME = AccentColor;
				CODE_SIGN_ENTITLEMENTS = MacLandmarks/MacLandmarks.entitlements;
				CODE_SIGN_STYLE = Automatic;
				COMBINE_HIDPI_IMAGES = YES;
				CURRENT_PROJECT_VERSION = 1;
				DEVELOPMENT_ASSET_PATHS = "\"MacLandmarks/Preview Content\"";
				DEVELOPMENT_TEAM = 5JS4N66R82;
				ENABLE_HARDENED_RUNTIME = YES;
				ENABLE_PREVIEWS = YES;
				GENERATE_INFOPLIST_FILE = YES;
				INFOPLIST_KEY_NSHumanReadableCopyright = "";
				LD_RUNPATH_SEARCH_PATHS = (
					"$(inherited)",
					"@executable_path/../Frameworks",
				);
				MACOSX_DEPLOYMENT_TARGET = 14.0;
				MARKETING_VERSION = 1.0;
				PRODUCT_BUNDLE_IDENTIFIER = jss.MacLandmarks;
				PRODUCT_NAME = "$(TARGET_NAME)";
				SDKROOT = macosx;
				SWIFT_EMIT_LOC_STRINGS = YES;
				SWIFT_VERSION = 5.0;
			};
			name = Release;
		};
/* End XCBuildConfiguration section */

/* Begin XCConfigurationList section */
		83837F902ADD150800C24DCF /* Build configuration list for PBXProject "Landmarks" */ = {
			isa = XCConfigurationList;
			buildConfigurations = (
				83837FA12ADD150900C24DCF /* Debug */,
				83837FA22ADD150900C24DCF /* Release */,
			);
			defaultConfigurationIsVisible = 0;
			defaultConfigurationName = Release;
		};
		83837FA32ADD150900C24DCF /* Build configuration list for PBXNativeTarget "Landmarks" */ = {
			isa = XCConfigurationList;
			buildConfigurations = (
				83837FA42ADD150900C24DCF /* Debug */,
				83837FA52ADD150900C24DCF /* Release */,
			);
			defaultConfigurationIsVisible = 0;
			defaultConfigurationName = Release;
		};
		83837FFF2ADD17DE00C24DCF /* Build configuration list for PBXNativeTarget "WatchLandmarks Watch App" */ = {
			isa = XCConfigurationList;
			buildConfigurations = (
				838380002ADD17DE00C24DCF /* Debug */,
				838380012ADD17DE00C24DCF /* Release */,
			);
			defaultConfigurationIsVisible = 0;
			defaultConfigurationName = Release;
		};
		838380442ADD261400C24DCF /* Build configuration list for PBXNativeTarget "WatchNotificationNotification" */ = {
			isa = XCConfigurationList;
			buildConfigurations = (
				838380452ADD261400C24DCF /* Debug */,
				838380462ADD261400C24DCF /* Release */,
			);
			defaultConfigurationIsVisible = 0;
			defaultConfigurationName = Release;
		};
		838380622ADD2B1700C24DCF /* Build configuration list for PBXNativeTarget "MacLandmarks" */ = {
			isa = XCConfigurationList;
			buildConfigurations = (
				838380632ADD2B1700C24DCF /* Debug */,
				838380642ADD2B1700C24DCF /* Release */,
			);
			defaultConfigurationIsVisible = 0;
			defaultConfigurationName = Release;
		};
/* End XCConfigurationList section */
	};
	rootObject = 83837F8D2ADD150800C24DCF /* Project object */;
}
